<?xml version="1.0" encoding="utf-8"?>
<Project ToolsVersion="4.0" xmlns="http://schemas.microsoft.com/developer/msbuild/2003">
  <ItemGroup>
    <Filter Include="Resource Files">
      <UniqueIdentifier>{67DA6AB6-F800-4c08-8B7A-83BB121AAD01}</UniqueIdentifier>
      <Extensions>rc;ico;cur;bmp;dlg;rc2;rct;bin;rgs;gif;jpg;jpeg;jpe;resx;tiff;tif;png;wav;mfcribbon-ms</Extensions>
    </Filter>
    <Filter Include="Libs">
      <UniqueIdentifier>{68e8df10-662b-4f24-a1a1-143621818dd4}</UniqueIdentifier>
    </Filter>
    <Filter Include="Libs\tinyfiledialogs">
      <UniqueIdentifier>{246db4c1-8817-4a2d-b458-33932b61b5d4}</UniqueIdentifier>
    </Filter>
    <Filter Include="Libs\stb_image">
      <UniqueIdentifier>{332ce361-fa4e-4759-a45a-7194205a28f2}</UniqueIdentifier>
    </Filter>
    <Filter Include="Libs\SDL_stbimage">
      <UniqueIdentifier>{a6aabbb0-0b96-4254-9c4f-49ba2d3c0863}</UniqueIdentifier>
    </Filter>
    <Filter Include="DrawPath">
      <UniqueIdentifier>{4FC737F1-C7A5-4376-A066-2A32D752A2FF}</UniqueIdentifier>
      <Extensions>cpp;c;cc;cxx;def;odl;idl;hpj;bat;asm;asmx</Extensions>
    </Filter>
  </ItemGroup>
  <ItemGroup>
    <ClCompile Include="..\..\src\dpMain.cpp">
      <Filter>DrawPath</Filter>
    </ClCompile>
    <ClCompile Include="..\..\src\dpWindow.cpp">
      <Filter>DrawPath</Filter>
    </ClCompile>
    <ClCompile Include="..\..\src\dpFileDialog.cpp">
      <Filter>DrawPath</Filter>
    </ClCompile>
    <ClCompile Include="..\..\libs\tinyfiledialogs\tinyfiledialogs.c">
      <Filter>Libs\tinyfiledialogs</Filter>
    </ClCompile>
    <ClCompile Include="..\..\src\dpImageLoader.cpp">
      <Filter>DrawPath</Filter>
    </ClCompile>
  </ItemGroup>
  <ItemGroup>
    <ClInclude Include="..\..\src\dpAppDefs.hpp">
      <Filter>DrawPath</Filter>
    </ClInclude>
    <ClInclude Include="..\..\src\dpDebugLog.hpp">
      <Filter>DrawPath</Filter>
    </ClInclude>
    <ClInclude Include="..\..\src\dpMain.hpp">
      <Filter>DrawPath</Filter>
    </ClInclude>
    <ClInclude Include="..\..\src\dpWindow.hpp">
      <Filter>DrawPath</Filter>
    </ClInclude>
    <ClInclude Include="..\..\src\dpTypeDefs.hpp">
      <Filter>DrawPath</Filter>
    </ClInclude>
    <ClInclude Include="..\..\src\dpFileDialog.hpp">
      <Filter>DrawPath</Filter>
    </ClInclude>
    <ClInclude Include="..\..\libs\tinyfiledialogs\tinyfiledialogs.h">
      <Filter>Libs\tinyfiledialogs</Filter>
    </ClInclude>
    <ClInclude Include="..\..\libs\stb_image\stb_image.h">
      <Filter>Libs\stb_image</Filter>
    </ClInclude>
    <ClInclude Include="..\..\libs\SDL_stbimage\SDL_stbimage.h">
      <Filter>Libs\SDL_stbimage</Filter>
    </ClInclude>
    <ClInclude Include="..\..\src\dpImageLoader.hpp">
      <Filter>DrawPath</Filter>
    </ClInclude>
  </ItemGroup>
</Project>